
Microsoft Visual Studio Solution File, Format Version 12.00
# Visual Studio Version 17
VisualStudioVersion = 17.4.33110.190
MinimumVisualStudioVersion = 10.0.40219.1
Project("{FAE04EC0-301F-11D3-BF4B-00C04F79EFBC}") = "web_parser", "web_parser.csproj", "{EE738D91-26FE-40B6-A361-39AF9CB92517}"
EndProject
Global
	GlobalSection(SolutionConfigurationPlatforms) = preSolution
		Debug|Any CPU = Debug|Any CPU
		Release|Any CPU = Release|Any CPU
	EndGlobalSection
	GlobalSection(ProjectConfigurationPlatforms) = postSolution
		{EE738D91-26FE-40B6-A361-39AF9CB92517}.Debug|Any CPU.ActiveCfg = Debug|Any CPU
		{EE738D91-26FE-40B6-A361-39AF9CB92517}.Debug|Any CPU.Build.0 = Debug|Any CPU
		{EE738D91-26FE-40B6-A361-39AF9CB92517}.Release|Any CPU.ActiveCfg = Release|Any CPU
		{EE738D91-26FE-40B6-A361-39AF9CB92517}.Release|Any CPU.Build.0 = Release|Any CPU
	EndGlobalSection
	GlobalSection(SolutionProperties) = preSolution
		HideSolutionNode = FALSE
	EndGlobalSection
	GlobalSection(ExtensibilityGlobals) = postSolution
		SolutionGuid = {1F3155D0-D0E1-465F-8E65-19CFBBD9ACA3}
	EndGlobalSection
EndGlobal
